// !$*UTF8*$!
{
	archiveVersion = 1;
	classes = {
	};
	objectVersion = 46;
	objects = {
		589B33D74840A61B2446D786 = {
			isa = PBXBuildFile;
			fileRef = FBB6720BA8B08CF8F4260B56;
		};
		E44A2877DFE5D2B15D14852E = {
			isa = PBXBuildFile;
			fileRef = C1374FB71F276DC74941A9DF;
		};
		0C85FCF64751AE31E7245100 = {
			isa = PBXBuildFile;
			fileRef = BD9593BCF7E7395189697A6E;
		};
		928459AF8C6DE9E9C1FE0E38 = {
			isa = PBXBuildFile;
			fileRef = 00513896DF37D5F2DCEA667A;
		};
		F38319DE1143E4356F01ED26 = {
			isa = PBXBuildFile;
			fileRef = 60DB4ADA0985A25C4A0DED4A;
		};
		ABB0CC3E0F3801E0E481A879 = {
			isa = PBXBuildFile;
			fileRef = 00F99BBFD30086839D82A778;
		};
		D94B55C3CFCE3DA0DFF66263 = {
			isa = PBXBuildFile;
			fileRef = BB66148030DD5FC95C3A5845;
		};
		0D09F6F2B715726C4899FF4F = {
			isa = PBXBuildFile;
			fileRef = 1E5A7EB425706A4843ED7806;
		};
		579BDB6D7E42B87BA12D0AB1 = {
			isa = PBXBuildFile;
			fileRef = 11AB5BA46BEDB7ACA904A36D;
		};
		17D76A4DDAD1E9087224D7F4 = {
			isa = PBXBuildFile;
			fileRef = 75CF8E32D6E9410F9E3B39C6;
		};
		DBFD4D9983602A856542A425 = {
			isa = PBXBuildFile;
			fileRef = 844614193167E2E67D4A565B;
		};
		CEC057F34322FE486078EFEA = {
			isa = PBXBuildFile;
			fileRef = AF7C76240B8A2346C84327C0;
		};
		8F6731AE4CE93DA3CF901DCD = {
			isa = PBXBuildFile;
			fileRef = AEEB9EAC803B309EDE56F1CD;
		};
		5F64D5F5B73AD3F055F18E80 = {
			isa = PBXBuildFile;
			fileRef = 793E9CF14DE311480FB4D1FE;
		};
		8408D70B7A124CD3E70C3205 = {
			isa = PBXBuildFile;
			fileRef = 6BC158B94DAFB92B87377C58;
		};
		51CBAE72B53B184242A4AFCA = {
			isa = PBXBuildFile;
			fileRef = FAB927C0A60BA2856C18DE45;
		};
		D9D943A535B1756B2988F3A4 = {
			isa = PBXBuildFile;
			fileRef = 8A7889CFD671206BDC875669;
		};
		7E41B008CBB6BAE49A4D3197 = {
			isa = PBXBuildFile;
			fileRef = 32434B2F015C62B750678F39;
		};
		05C7A6173272C4C0B0A40DBD = {
			isa = PBXBuildFile;
			fileRef = 85441FE19DBCBDE751F2D496;
		};
		BBDC3A51E7B52612B42CF48C = {
			isa = PBXBuildFile;
			fileRef = FF62F8545D60E46E62B98353;
		};
		136CE7B07D097AD96535BACB = {
			isa = PBXBuildFile;
			fileRef = F7925F8F0B5F0BD98585B85B;
		};
		ABF0CEE434201A34B7B2C141 = {
			isa = PBXBuildFile;
			fileRef = D970BBB6D9A0EA65A20BBED2;
		};
		A8EA05CFCF864759FB881F27 = {
			isa = PBXBuildFile;
			fileRef = 309CF646FD490B33884E790E;
		};
		224821D58122482DA06F86EB = {
			isa = PBXBuildFile;
			fileRef = E7113FA74813E02241039131;
		};
		9C734E2435C0A0C093C299D3 = {
			isa = PBXBuildFile;
			fileRef = 23DBC4E93E0372B39F496676;
		};
		655F2CE56DFC537684107A9A = {
			isa = PBXBuildFile;
			fileRef = FD7E4E8E885FDF2DF09B2AA6;
		};
		96BC2A882150B67C57AE752D = {
			isa = PBXBuildFile;
			fileRef = E99CC8A63E9E0A1A730AC379;
		};
		25C451A6E9BB82B0A9F8E0C9 = {
			isa = PBXBuildFile;
			fileRef = 785B341AF3E4ABA05F62F79F;
		};
		C3361C60B9997DD46FB56C22 = {
			isa = PBXBuildFile;
			fileRef = 64564637088036EEAA0415FF;
		};
		7AC9B78ABD5BAA81134EB8B5 = {
			isa = PBXBuildFile;
			fileRef = 6991452437478F0DE0EDCCB5;
		};
		A5113907DB321E6191220818 = {
			isa = PBXBuildFile;
			fileRef = 1AD971C4965EF6228E9F000B;
		};
		8F2A487E1DFD1C56F6DDE0E5 = {
			isa = PBXBuildFile;
			fileRef = 68BD9C98ECAE0F83638E995B;
		};
		845F9AD63FEBFCB4FD1D8E4A = {
			isa = PBXBuildFile;
			fileRef = FBC0F8DAE2D84F02D0AF2924;
		};
		330FDE6E8B12391714C1664E = {
			isa = PBXBuildFile;
			fileRef = 05DE81F38DC76F27273EF10F;
		};
		D60B0D492AC04BB4453920A5 = {
			isa = PBXBuildFile;
			fileRef = 53A775F9E3A0EBE778BFD24A;
		};
		1743D2996901F166758801B4 = {
			isa = PBXBuildFile;
			fileRef = 09F661D4766FFFF98C2FFBB3;
		};
		523E273F05A9196CCCE36473 = {
			isa = PBXBuildFile;
			fileRef = 87EAC034ACCE9999733EDE0C;
		};
		6612588289D601953B79DA06 = {
			isa = PBXBuildFile;
			fileRef = 46E97CC2E62D9043BFF65730;
		};
		1C4F2B6B206FE86D471975A0 = {
			isa = PBXBuildFile;
			fileRef = 6692A4724501DB311D642797;
		};
		D92906489E8E5BF31CDB510F = {
			isa = PBXBuildFile;
			fileRef = 1B3CEAF3B8A34410B97C8F37;
		};
		53BE3F7DC311CFC5D3B4FA7C = {
			isa = PBXBuildFile;
			fileRef = 3D1C6637FB9EFDDB0FE08258;
		};
		00F99BBFD30086839D82A778 = {
			isa = PBXFileReference;
			lastKnownFileType = wrapper.framework;
			name = Accelerate.framework;
			path = System/Library/Frameworks/Accelerate.framework;
			sourceTree = SDKROOT;
		};
		05DE81F38DC76F27273EF10F = {
			isa = PBXFileReference;
			lastKnownFileType = sourcecode.cpp.objcpp;
			name = "include_juce_cryptography.mm";
			path = "../../JuceLibraryCode/include_juce_cryptography.mm";
			sourceTree = "SOURCE_ROOT";
		};
		082A27B742669BDFB18566B5 = {
			isa = PBXFileReference;
			lastKnownFileType = file;
			name = "juce_core";
			path = "/Applications/JUCE/modules/juce_core";
			sourceTree = "<absolute>";
		};
		09F661D4766FFFF98C2FFBB3 = {
			isa = PBXFileReference;
			lastKnownFileType = sourcecode.cpp.objcpp;
			name = "include_juce_dsp.mm";
			path = "../../JuceLibraryCode/include_juce_dsp.mm";
			sourceTree = "SOURCE_ROOT";
		};
		0D8371BDF4A7BB3C42D8DDDF = {
			isa = PBXFileReference;
			lastKnownFileType = file;
			name = "juce_data_structures";
			path = "/Applications/JUCE/modules/juce_data_structures";
			sourceTree = "<absolute>";
		};
		11AB5BA46BEDB7ACA904A36D = {
			isa = PBXFileReference;
			lastKnownFileType = wrapper.framework;
			name = Cocoa.framework;
			path = System/Library/Frameworks/Cocoa.framework;
			sourceTree = SDKROOT;
		};
		1AD971C4965EF6228E9F000B = {
			isa = PBXFileReference;
			lastKnownFileType = sourcecode.cpp.objcpp;
			name = "include_juce_audio_processors.mm";
			path = "../../JuceLibraryCode/include_juce_audio_processors.mm";
			sourceTree = "SOURCE_ROOT";
		};
		1B3CEAF3B8A34410B97C8F37 = {
			isa = PBXFileReference;
			lastKnownFileType = sourcecode.cpp.objcpp;
			name = "include_juce_gui_extra.mm";
			path = "../../JuceLibraryCode/include_juce_gui_extra.mm";
			sourceTree = "SOURCE_ROOT";
		};
		1E5A7EB425706A4843ED7806 = {
			isa = PBXFileReference;
			lastKnownFileType = wrapper.framework;
			name = Carbon.framework;
			path = System/Library/Frameworks/Carbon.framework;
			sourceTree = SDKROOT;
		};
		2141534F1CB254AAF03C02B9 = {
			isa = PBXFileReference;
			lastKnownFileType = file;
			name = "juce_events";
			path = "/Applications/JUCE/modules/juce_events";
			sourceTree = "<absolute>";
		};
		23DBC4E93E0372B39F496676 = {
			isa = PBXFileReference;
			lastKnownFileType = sourcecode.cpp.objcpp;
			name = "include_juce_audio_plugin_client_AU_1.mm";
			path = "../../JuceLibraryCode/include_juce_audio_plugin_client_AU_1.mm";
			sourceTree = "SOURCE_ROOT";
		};
		309CF646FD490B33884E790E = {
			isa = PBXFileReference;
			lastKnownFileType = sourcecode.cpp.objcpp;
			name = "include_juce_audio_formats.mm";
			path = "../../JuceLibraryCode/include_juce_audio_formats.mm";
			sourceTree = "SOURCE_ROOT";
		};
		32434B2F015C62B750678F39 = {
			isa = PBXFileReference;
			lastKnownFileType = file.nib;
			name = RecentFilesMenuTemplate.nib;
			path = RecentFilesMenuTemplate.nib;
			sourceTree = "SOURCE_ROOT";
		};
		38010350B186D5791FD343A7 = {
			isa = PBXFileReference;
			lastKnownFileType = file;
			name = "juce_audio_formats";
			path = "/Applications/JUCE/modules/juce_audio_formats";
			sourceTree = "<absolute>";
		};
		3B1951EFDE44185353F5442C = {
			isa = PBXFileReference;
			lastKnownFileType = file;
			name = "juce_audio_processors";
			path = "/Applications/JUCE/modules/juce_audio_processors";
			sourceTree = "<absolute>";
		};
		3D1C6637FB9EFDDB0FE08258 = {
			isa = PBXFileReference;
			lastKnownFileType = sourcecode.cpp.objcpp;
			name = "include_juce_opengl.mm";
			path = "../../JuceLibraryCode/include_juce_opengl.mm";
			sourceTree = "SOURCE_ROOT";
		};
		3F200C4BF44816B54A9192B6 = {
			isa = PBXFileReference;
			lastKnownFileType = file;
			name = "juce_audio_plugin_client";
			path = "/Applications/JUCE/modules/juce_audio_plugin_client";
			sourceTree = "<absolute>";
		};
		46E97CC2E62D9043BFF65730 = {
			isa = PBXFileReference;
			lastKnownFileType = sourcecode.cpp.objcpp;
			name = "include_juce_graphics.mm";
			path = "../../JuceLibraryCode/include_juce_graphics.mm";
			sourceTree = "SOURCE_ROOT";
		};
		53A775F9E3A0EBE778BFD24A = {
			isa = PBXFileReference;
			lastKnownFileType = sourcecode.cpp.objcpp;
			name = "include_juce_data_structures.mm";
			path = "../../JuceLibraryCode/include_juce_data_structures.mm";
			sourceTree = "SOURCE_ROOT";
		};
		5DC4B77C8337C87E94E9F659 = {
			isa = PBXFileReference;
			lastKnownFileType = file;
			name = "juce_audio_utils";
			path = "/Applications/JUCE/modules/juce_audio_utils";
			sourceTree = "<absolute>";
		};
		60DB4ADA0985A25C4A0DED4A = {
			isa = PBXFileReference;
			lastKnownFileType = wrapper.framework;
			name = AudioUnit.framework;
			path = System/Library/Frameworks/AudioUnit.framework;
			sourceTree = SDKROOT;
		};
		64564637088036EEAA0415FF = {
			isa = PBXFileReference;
			lastKnownFileType = sourcecode.cpp.objcpp;
			name = "include_juce_audio_plugin_client_VST_utils.mm";
			path = "../../JuceLibraryCode/include_juce_audio_plugin_client_VST_utils.mm";
			sourceTree = "SOURCE_ROOT";
		};
		6692A4724501DB311D642797 = {
			isa = PBXFileReference;
			lastKnownFileType = sourcecode.cpp.objcpp;
			name = "include_juce_gui_basics.mm";
			path = "../../JuceLibraryCode/include_juce_gui_basics.mm";
			sourceTree = "SOURCE_ROOT";
		};
		66DDC4E79DCC551BAA24915E = {
			isa = PBXFileReference;
			lastKnownFileType = file;
			name = "juce_gui_basics";
			path = "/Applications/JUCE/modules/juce_gui_basics";
			sourceTree = "<absolute>";
		};
		68BD9C98ECAE0F83638E995B = {
			isa = PBXFileReference;
			lastKnownFileType = sourcecode.cpp.objcpp;
			name = "include_juce_audio_utils.mm";
			path = "../../JuceLibraryCode/include_juce_audio_utils.mm";
			sourceTree = "SOURCE_ROOT";
		};
		68DCE1E602306AFADECDA95A = {
			isa = PBXFileReference;
			lastKnownFileType = text.plist.xml;
			name = "Info-Standalone_Plugin.plist";
			path = "Info-Standalone_Plugin.plist";
			sourceTree = "SOURCE_ROOT";
		};
		6991452437478F0DE0EDCCB5 = {
			isa = PBXFileReference;
			lastKnownFileType = sourcecode.cpp.cpp;
			name = "include_juce_audio_plugin_client_VST3.cpp";
			path = "../../JuceLibraryCode/include_juce_audio_plugin_client_VST3.cpp";
			sourceTree = "SOURCE_ROOT";
		};
		6BC158B94DAFB92B87377C58 = {
			isa = PBXFileReference;
			lastKnownFileType = wrapper.framework;
			name = OpenGL.framework;
			path = System/Library/Frameworks/OpenGL.framework;
			sourceTree = SDKROOT;
		};
		7292773C445FC1F31FB8A5D7 = {
			isa = PBXFileReference;
			lastKnownFileType = file;
			name = "juce_graphics";
			path = "/Applications/JUCE/modules/juce_graphics";
			sourceTree = "<absolute>";
		};
		75CF8E32D6E9410F9E3B39C6 = {
			isa = PBXFileReference;
			lastKnownFileType = wrapper.framework;
			name = CoreAudio.framework;
			path = System/Library/Frameworks/CoreAudio.framework;
			sourceTree = SDKROOT;
		};
		785B341AF3E4ABA05F62F79F = {
			isa = PBXFileReference;
			lastKnownFileType = sourcecode.cpp.cpp;
			name = "include_juce_audio_plugin_client_utils.cpp";
			path = "../../JuceLibraryCode/include_juce_audio_plugin_client_utils.cpp";
			sourceTree = "SOURCE_ROOT";
		};
		793E9CF14DE311480FB4D1FE = {
			isa = PBXFileReference;
			lastKnownFileType = wrapper.framework;
			name = IOKit.framework;
			path = System/Library/Frameworks/IOKit.framework;
			sourceTree = SDKROOT;
		};
		81A4B38E02943637EC8468D2 = {
			isa = PBXFileReference;
			lastKnownFileType = sourcecode.c.h;
			name = AppConfig.h;
			path = ../../JuceLibraryCode/AppConfig.h;
			sourceTree = "SOURCE_ROOT";
		};
		844614193167E2E67D4A565B = {
			isa = PBXFileReference;
			lastKnownFileType = wrapper.framework;
			name = CoreAudioKit.framework;
			path = System/Library/Frameworks/CoreAudioKit.framework;
			sourceTree = SDKROOT;
		};
		85441FE19DBCBDE751F2D496 = {
			isa = PBXFileReference;
			lastKnownFileType = sourcecode.cpp.cpp;
			name = PluginProcessor.cpp;
			path = ../../Source/PluginProcessor.cpp;
			sourceTree = "SOURCE_ROOT";
		};
		876DD209EAA875A5B9234331 = {
			isa = PBXFileReference;
			lastKnownFileType = text.plist.xml;
			name = "Info-AU.plist";
			path = "Info-AU.plist";
			sourceTree = "SOURCE_ROOT";
		};
		87EAC034ACCE9999733EDE0C = {
			isa = PBXFileReference;
			lastKnownFileType = sourcecode.cpp.objcpp;
			name = "include_juce_events.mm";
			path = "../../JuceLibraryCode/include_juce_events.mm";
			sourceTree = "SOURCE_ROOT";
		};
		8A7889CFD671206BDC875669 = {
			isa = PBXFileReference;
			lastKnownFileType = wrapper.framework;
			name = WebKit.framework;
			path = System/Library/Frameworks/WebKit.framework;
			sourceTree = SDKROOT;
		};
		8CCCEB30311085D675B07D1D = {
			isa = PBXFileReference;
			lastKnownFileType = sourcecode.c.h;
			name = PluginProcessor.h;
			path = ../../Source/PluginProcessor.h;
			sourceTree = "SOURCE_ROOT";
		};
		A72F65AD5E34BD7E5A50695B = {
			isa = PBXFileReference;
			lastKnownFileType = file;
			name = "juce_gui_extra";
			path = "/Applications/JUCE/modules/juce_gui_extra";
			sourceTree = "<absolute>";
		};
		AEB2B4DE4BB52E887E6D6F17 = {
			isa = PBXFileReference;
			lastKnownFileType = text.plist.xml;
			name = "Info-VST3.plist";
			path = "Info-VST3.plist";
			sourceTree = "SOURCE_ROOT";
		};
		AEEB9EAC803B309EDE56F1CD = {
			isa = PBXFileReference;
			lastKnownFileType = wrapper.framework;
			name = DiscRecording.framework;
			path = System/Library/Frameworks/DiscRecording.framework;
			sourceTree = SDKROOT;
		};
		AF7C76240B8A2346C84327C0 = {
			isa = PBXFileReference;
			lastKnownFileType = wrapper.framework;
			name = CoreMIDI.framework;
			path = System/Library/Frameworks/CoreMIDI.framework;
			sourceTree = SDKROOT;
		};
		B00A75B0D2C461B82CB43294 = {
			isa = PBXFileReference;
			lastKnownFileType = file;
			name = "juce_cryptography";
			path = "/Applications/JUCE/modules/juce_cryptography";
			sourceTree = "<absolute>";
		};
		BB66148030DD5FC95C3A5845 = {
			isa = PBXFileReference;
			lastKnownFileType = wrapper.framework;
			name = AudioToolbox.framework;
			path = System/Library/Frameworks/AudioToolbox.framework;
			sourceTree = SDKROOT;
		};
		CD032569DD6C252E64B9E310 = {
			isa = PBXFileReference;
			lastKnownFileType = sourcecode.c.h;
			name = JuceHeader.h;
			path = ../../JuceLibraryCode/JuceHeader.h;
			sourceTree = "SOURCE_ROOT";
		};
		CF6B9FD5A1C1554DD1AF4F2D = {
			isa = PBXFileReference;
			lastKnownFileType = file;
			name = "juce_dsp";
			path = "/Applications/JUCE/modules/juce_dsp";
			sourceTree = "<absolute>";
		};
		D970BBB6D9A0EA65A20BBED2 = {
			isa = PBXFileReference;
			lastKnownFileType = sourcecode.cpp.objcpp;
			name = "include_juce_audio_devices.mm";
			path = "../../JuceLibraryCode/include_juce_audio_devices.mm";
			sourceTree = "SOURCE_ROOT";
		};
		DD36335C7FFCC4193A7C42F9 = {
			isa = PBXFileReference;
			lastKnownFileType = file;
			name = "juce_audio_basics";
			path = "/Applications/JUCE/modules/juce_audio_basics";
			sourceTree = "<absolute>";
		};
		DFC447BF9DBA0942FA2A69AA = {
			isa = PBXFileReference;
			lastKnownFileType = sourcecode.c.h;
			name = PluginEditor.h;
			path = ../../Source/PluginEditor.h;
			sourceTree = "SOURCE_ROOT";
		};
		FAB927C0A60BA2856C18DE45 = {
			isa = PBXFileReference;
			lastKnownFileType = wrapper.framework;
			name = QuartzCore.framework;
			path = System/Library/Frameworks/QuartzCore.framework;
			sourceTree = SDKROOT;
		};
		FBB6720BA8B08CF8F4260B56 = {
			isa = PBXFileReference;
			explicitFileType = wrapper.cfbundle;
			includeInIndex = 0;
			path = Vocoder.vst3;
			sourceTree = "BUILT_PRODUCTS_DIR";
		};
		C1374FB71F276DC74941A9DF = {
			isa = PBXFileReference;
			explicitFileType = wrapper.cfbundle;
			includeInIndex = 0;
			path = Vocoder.component;
			sourceTree = "BUILT_PRODUCTS_DIR";
		};
		BD9593BCF7E7395189697A6E = {
			isa = PBXFileReference;
			explicitFileType = wrapper.application;
			includeInIndex = 0;
			path = Vocoder.app;
			sourceTree = "BUILT_PRODUCTS_DIR";
		};
		00513896DF37D5F2DCEA667A = {
			isa = PBXFileReference;
			explicitFileType = archive.ar;
			includeInIndex = 0;
			path = libVocoder.a;
			sourceTree = "BUILT_PRODUCTS_DIR";
		};
		E7113FA74813E02241039131 = {
			isa = PBXFileReference;
			lastKnownFileType = file.r;
			name = "include_juce_audio_plugin_client_AU.r";
			path = "../../JuceLibraryCode/include_juce_audio_plugin_client_AU.r";
			sourceTree = "SOURCE_ROOT";
		};
		E99CC8A63E9E0A1A730AC379 = {
			isa = PBXFileReference;
			lastKnownFileType = sourcecode.cpp.cpp;
			name = "include_juce_audio_plugin_client_Standalone.cpp";
			path = "../../JuceLibraryCode/include_juce_audio_plugin_client_Standalone.cpp";
			sourceTree = "SOURCE_ROOT";
		};
		EAABC81D9A6152A3DC75B679 = {
			isa = PBXFileReference;
			lastKnownFileType = file;
			name = "juce_audio_devices";
			path = "/Applications/JUCE/modules/juce_audio_devices";
			sourceTree = "<absolute>";
		};
		F7925F8F0B5F0BD98585B85B = {
			isa = PBXFileReference;
			lastKnownFileType = sourcecode.cpp.objcpp;
			name = "include_juce_audio_basics.mm";
			path = "../../JuceLibraryCode/include_juce_audio_basics.mm";
			sourceTree = "SOURCE_ROOT";
		};
		F961783B2EFF3FAD212EF60B = {
			isa = PBXFileReference;
			lastKnownFileType = file;
			name = "juce_opengl";
			path = "/Applications/JUCE/modules/juce_opengl";
			sourceTree = "<absolute>";
		};
		FBC0F8DAE2D84F02D0AF2924 = {
			isa = PBXFileReference;
			lastKnownFileType = sourcecode.cpp.objcpp;
			name = "include_juce_core.mm";
			path = "../../JuceLibraryCode/include_juce_core.mm";
			sourceTree = "SOURCE_ROOT";
		};
		FD7E4E8E885FDF2DF09B2AA6 = {
			isa = PBXFileReference;
			lastKnownFileType = sourcecode.cpp.objcpp;
			name = "include_juce_audio_plugin_client_AU_2.mm";
			path = "../../JuceLibraryCode/include_juce_audio_plugin_client_AU_2.mm";
			sourceTree = "SOURCE_ROOT";
		};
		FF62F8545D60E46E62B98353 = {
			isa = PBXFileReference;
			lastKnownFileType = sourcecode.cpp.cpp;
			name = PluginEditor.cpp;
			path = ../../Source/PluginEditor.cpp;
			sourceTree = "SOURCE_ROOT";
		};
		17D05CA0A259B0C1DA995B08 = {
			isa = PBXGroup;
			children = (
				85441FE19DBCBDE751F2D496,
				8CCCEB30311085D675B07D1D,
				FF62F8545D60E46E62B98353,
				DFC447BF9DBA0942FA2A69AA,
			);
			name = Source;
			sourceTree = "<group>";
		};
		1B0CDCFC3AB83ACD777F973D = {
			isa = PBXGroup;
			children = (
				17D05CA0A259B0C1DA995B08,
			);
			name = Vocoder;
			sourceTree = "<group>";
		};
		178522E522F004680A097987 = {
			isa = PBXGroup;
			children = (
				DD36335C7FFCC4193A7C42F9,
				EAABC81D9A6152A3DC75B679,
				38010350B186D5791FD343A7,
				3F200C4BF44816B54A9192B6,
				3B1951EFDE44185353F5442C,
				5DC4B77C8337C87E94E9F659,
				082A27B742669BDFB18566B5,
				B00A75B0D2C461B82CB43294,
				0D8371BDF4A7BB3C42D8DDDF,
				CF6B9FD5A1C1554DD1AF4F2D,
				2141534F1CB254AAF03C02B9,
				7292773C445FC1F31FB8A5D7,
				66DDC4E79DCC551BAA24915E,
				A72F65AD5E34BD7E5A50695B,
				F961783B2EFF3FAD212EF60B,
			);
			name = "JUCE Modules";
			sourceTree = "<group>";
		};
		0F3BC2E63F1C6751F9429DEE = {
			isa = PBXGroup;
			children = (
				81A4B38E02943637EC8468D2,
				F7925F8F0B5F0BD98585B85B,
				D970BBB6D9A0EA65A20BBED2,
				309CF646FD490B33884E790E,
				E7113FA74813E02241039131,
				23DBC4E93E0372B39F496676,
				FD7E4E8E885FDF2DF09B2AA6,
				E99CC8A63E9E0A1A730AC379,
				785B341AF3E4ABA05F62F79F,
				64564637088036EEAA0415FF,
				6991452437478F0DE0EDCCB5,
				1AD971C4965EF6228E9F000B,
				68BD9C98ECAE0F83638E995B,
				FBC0F8DAE2D84F02D0AF2924,
				05DE81F38DC76F27273EF10F,
				53A775F9E3A0EBE778BFD24A,
				09F661D4766FFFF98C2FFBB3,
				87EAC034ACCE9999733EDE0C,
				46E97CC2E62D9043BFF65730,
				6692A4724501DB311D642797,
				1B3CEAF3B8A34410B97C8F37,
				3D1C6637FB9EFDDB0FE08258,
				CD032569DD6C252E64B9E310,
			);
			name = "JUCE Library Code";
			sourceTree = "<group>";
		};
		90B644B17F354C14912D90DB = {
			isa = PBXGroup;
			children = (
				AEB2B4DE4BB52E887E6D6F17,
				876DD209EAA875A5B9234331,
				68DCE1E602306AFADECDA95A,
				32434B2F015C62B750678F39,
			);
			name = Resources;
			sourceTree = "<group>";
		};
		65B29FF7E5F1009798062393 = {
			isa = PBXGroup;
			children = (
				60DB4ADA0985A25C4A0DED4A,
				00F99BBFD30086839D82A778,
				BB66148030DD5FC95C3A5845,
				1E5A7EB425706A4843ED7806,
				11AB5BA46BEDB7ACA904A36D,
				75CF8E32D6E9410F9E3B39C6,
				844614193167E2E67D4A565B,
				AF7C76240B8A2346C84327C0,
				AEEB9EAC803B309EDE56F1CD,
				793E9CF14DE311480FB4D1FE,
				6BC158B94DAFB92B87377C58,
				FAB927C0A60BA2856C18DE45,
				8A7889CFD671206BDC875669,
			);
			name = Frameworks;
			sourceTree = "<group>";
		};
		B2B8DBCE15D0D2B8FADDD81A = {
			isa = PBXGroup;
			children = (
				FBB6720BA8B08CF8F4260B56,
				C1374FB71F276DC74941A9DF,
				BD9593BCF7E7395189697A6E,
				00513896DF37D5F2DCEA667A,
			);
			name = Products;
			sourceTree = "<group>";
		};
		922C0BE133E0EAA348F83C3E = {
			isa = PBXGroup;
			children = (
				1B0CDCFC3AB83ACD777F973D,
				178522E522F004680A097987,
				0F3BC2E63F1C6751F9429DEE,
				90B644B17F354C14912D90DB,
				65B29FF7E5F1009798062393,
				B2B8DBCE15D0D2B8FADDD81A,
			);
			name = Source;
			sourceTree = "<group>";
		};
		B782B07EC3BC26BCB2B1C933 = {
			isa = XCBuildConfiguration;
			buildSettings = {
				MACOSX_DEPLOYMENT_TARGET = 10.11;
				SDKROOT = macosx;
			};
			name = Debug;
		};
		8DCC7BFF6E20DA484CD665D3 = {
			isa = XCBuildConfiguration;
			buildSettings = {
				MACOSX_DEPLOYMENT_TARGET = 10.11;
				SDKROOT = macosx;
			};
			name = Release;
		};
		A385279DDE07031577206114 = {
			isa = XCBuildConfiguration;
			buildSettings = {
				CLANG_CXX_LANGUAGE_STANDARD = "c++14";
				CLANG_CXX_LIBRARY = "libc++";
				CLANG_LINK_OBJC_RUNTIME = NO;
				CODE_SIGN_IDENTITY = "";
				COMBINE_HIDPI_IMAGES = YES;
				CONFIGURATION_BUILD_DIR = "$(PROJECT_DIR)/build/$(CONFIGURATION)";
				COPY_PHASE_STRIP = NO;
				DEPLOYMENT_LOCATION = YES;
				DSTROOT = /;
				GCC_DYNAMIC_NO_PIC = NO;
				GCC_OPTIMIZATION_LEVEL = 0;
				GCC_PREPROCESSOR_DEFINITIONS = (
					"_DEBUG=1",
					"DEBUG=1",
					"JUCER_XCODE_MAC_F6D2F4CF=1",
					"JUCE_APP_VERSION=0.1.0",
					"JUCE_APP_VERSION_HEX=0x100",
					"JucePlugin_Build_VST=0",
					"JucePlugin_Build_VST3=1",
					"JucePlugin_Build_AU=0",
					"JucePlugin_Build_AUv3=0",
					"JucePlugin_Build_RTAS=0",
					"JucePlugin_Build_AAX=0",
					"JucePlugin_Build_Standalone=0",
					"JucePlugin_Build_Unity=0",
				);
				GCC_VERSION = com.apple.compilers.llvm.clang.1_0;
				GENERATE_PKGINFO_FILE = YES;
				HEADER_SEARCH_PATHS = (
					"/Applications/JUCE/VST_SDK/VST3_SDK",
					"/Applications/JUCE/modules/juce_audio_plugin_client/VST",
					"../../JuceLibraryCode",
					"/Applications/JUCE/modules",
					"/Applications/JUCE/modules/juce_audio_plugin_client",
					"$(inherited)",
				);
				INFOPLIST_FILE = Info-VST3.plist;
				INFOPLIST_PREPROCESS = NO;
				INSTALL_PATH = "$(HOME)/Library/Audio/Plug-Ins/VST3/";
				LIBRARY_STYLE = Bundle;
				MACOSX_DEPLOYMENT_TARGET = 10.11;
				OTHER_LDFLAGS = "-bundle -lVocoder";
				PRODUCT_BUNDLE_IDENTIFIER = com.VSTurboInc_.Vocoder;
				PRODUCT_NAME = "Vocoder";
				USE_HEADERMAP = NO;
				WRAPPER_EXTENSION = vst3;
			};
			name = Debug;
		};
		30D3543D6A0B1751ADA3A637 = {
			isa = XCBuildConfiguration;
			buildSettings = {
				CLANG_CXX_LANGUAGE_STANDARD = "c++14";
				CLANG_CXX_LIBRARY = "libc++";
				CLANG_LINK_OBJC_RUNTIME = NO;
				CODE_SIGN_IDENTITY = "";
				COMBINE_HIDPI_IMAGES = YES;
				CONFIGURATION_BUILD_DIR = "$(PROJECT_DIR)/build/$(CONFIGURATION)";
				DEAD_CODE_STRIPPING = YES;
				DEPLOYMENT_LOCATION = YES;
				DSTROOT = /;
				GCC_GENERATE_DEBUGGING_SYMBOLS = NO;
				GCC_OPTIMIZATION_LEVEL = 3;
				GCC_PREPROCESSOR_DEFINITIONS = (
					"_NDEBUG=1",
					"NDEBUG=1",
					"JUCER_XCODE_MAC_F6D2F4CF=1",
					"JUCE_APP_VERSION=0.1.0",
					"JUCE_APP_VERSION_HEX=0x100",
					"JucePlugin_Build_VST=0",
					"JucePlugin_Build_VST3=1",
					"JucePlugin_Build_AU=0",
					"JucePlugin_Build_AUv3=0",
					"JucePlugin_Build_RTAS=0",
					"JucePlugin_Build_AAX=0",
					"JucePlugin_Build_Standalone=0",
					"JucePlugin_Build_Unity=0",
				);
				GCC_SYMBOLS_PRIVATE_EXTERN = YES;
				GCC_VERSION = com.apple.compilers.llvm.clang.1_0;
				GENERATE_PKGINFO_FILE = YES;
				HEADER_SEARCH_PATHS = (
					"/Applications/JUCE/VST_SDK/VST3_SDK",
					"/Applications/JUCE/modules/juce_audio_plugin_client/VST",
					"../../JuceLibraryCode",
					"/Applications/JUCE/modules",
					"/Applications/JUCE/modules/juce_audio_plugin_client",
					"$(inherited)",
				);
				INFOPLIST_FILE = Info-VST3.plist;
				INFOPLIST_PREPROCESS = NO;
				INSTALL_PATH = "$(HOME)/Library/Audio/Plug-Ins/VST3/";
				LIBRARY_STYLE = Bundle;
				LLVM_LTO = YES;
				MACOSX_DEPLOYMENT_TARGET = 10.11;
				OTHER_LDFLAGS = "-bundle -lVocoder";
				PRODUCT_BUNDLE_IDENTIFIER = com.VSTurboInc_.Vocoder;
				PRODUCT_NAME = "Vocoder";
				USE_HEADERMAP = NO;
				WRAPPER_EXTENSION = vst3;
			};
			name = Release;
		};
		565BF4B8EC4C0A4EAD7E57A7 = {
			isa = XCBuildConfiguration;
			buildSettings = {
				CLANG_CXX_LANGUAGE_STANDARD = "c++14";
				CLANG_CXX_LIBRARY = "libc++";
				CLANG_LINK_OBJC_RUNTIME = NO;
				CODE_SIGN_IDENTITY = "";
				COMBINE_HIDPI_IMAGES = YES;
				CONFIGURATION_BUILD_DIR = "$(PROJECT_DIR)/build/$(CONFIGURATION)";
				COPY_PHASE_STRIP = NO;
				DEPLOYMENT_LOCATION = YES;
				DSTROOT = /;
				GCC_DYNAMIC_NO_PIC = NO;
				GCC_OPTIMIZATION_LEVEL = 0;
				GCC_PREPROCESSOR_DEFINITIONS = (
					"_DEBUG=1",
					"DEBUG=1",
					"JUCER_XCODE_MAC_F6D2F4CF=1",
					"JUCE_APP_VERSION=0.1.0",
					"JUCE_APP_VERSION_HEX=0x100",
					"JucePlugin_Build_VST=0",
					"JucePlugin_Build_VST3=0",
					"JucePlugin_Build_AU=1",
					"JucePlugin_Build_AUv3=0",
					"JucePlugin_Build_RTAS=0",
					"JucePlugin_Build_AAX=0",
					"JucePlugin_Build_Standalone=0",
					"JucePlugin_Build_Unity=0",
				);
				GCC_VERSION = com.apple.compilers.llvm.clang.1_0;
				GENERATE_PKGINFO_FILE = YES;
				HEADER_SEARCH_PATHS = (
					"/Applications/JUCE/VST_SDK/VST3_SDK",
					"/Applications/JUCE/modules/juce_audio_plugin_client/VST",
					"../../JuceLibraryCode",
					"/Applications/JUCE/modules",
					"/Applications/JUCE/modules/juce_audio_plugin_client",
					"$(inherited)",
				);
				INFOPLIST_FILE = Info-AU.plist;
				INFOPLIST_PREPROCESS = NO;
				INSTALL_PATH = "$(HOME)/Library/Audio/Plug-Ins/Components/";
				LIBRARY_STYLE = Bundle;
				MACOSX_DEPLOYMENT_TARGET = 10.11;
				OTHER_LDFLAGS = "-bundle -lVocoder";
				OTHER_REZFLAGS = "-d ppc_$ppc -d i386_$i386 -d ppc64_$ppc64 -d x86_64_$x86_64 -I /System/Library/Frameworks/CoreServices.framework/Frameworks/CarbonCore.framework/Versions/A/Headers -I \"$(DEVELOPER_DIR)/Extras/CoreAudio/AudioUnits/AUPublic/AUBase\" -I \"$(DEVELOPER_DIR)/Platforms/MacOSX.platform/Developer/SDKs/MacOSX.sdk/System/Library/Frameworks/AudioUnit.framework/Headers\"";
				PRODUCT_BUNDLE_IDENTIFIER = com.VSTurboInc_.Vocoder;
				PRODUCT_NAME = "Vocoder";
				USE_HEADERMAP = NO;
				WRAPPER_EXTENSION = component;
			};
			name = Debug;
		};
		3CCFB2CE867C8E759D91C1ED = {
			isa = XCBuildConfiguration;
			buildSettings = {
				CLANG_CXX_LANGUAGE_STANDARD = "c++14";
				CLANG_CXX_LIBRARY = "libc++";
				CLANG_LINK_OBJC_RUNTIME = NO;
				CODE_SIGN_IDENTITY = "";
				COMBINE_HIDPI_IMAGES = YES;
				CONFIGURATION_BUILD_DIR = "$(PROJECT_DIR)/build/$(CONFIGURATION)";
				DEAD_CODE_STRIPPING = YES;
				DEPLOYMENT_LOCATION = YES;
				DSTROOT = /;
				GCC_GENERATE_DEBUGGING_SYMBOLS = NO;
				GCC_OPTIMIZATION_LEVEL = 3;
				GCC_PREPROCESSOR_DEFINITIONS = (
					"_NDEBUG=1",
					"NDEBUG=1",
					"JUCER_XCODE_MAC_F6D2F4CF=1",
					"JUCE_APP_VERSION=0.1.0",
					"JUCE_APP_VERSION_HEX=0x100",
					"JucePlugin_Build_VST=0",
					"JucePlugin_Build_VST3=0",
					"JucePlugin_Build_AU=1",
					"JucePlugin_Build_AUv3=0",
					"JucePlugin_Build_RTAS=0",
					"JucePlugin_Build_AAX=0",
					"JucePlugin_Build_Standalone=0",
					"JucePlugin_Build_Unity=0",
				);
				GCC_SYMBOLS_PRIVATE_EXTERN = YES;
				GCC_VERSION = com.apple.compilers.llvm.clang.1_0;
				GENERATE_PKGINFO_FILE = YES;
				HEADER_SEARCH_PATHS = (
					"/Applications/JUCE/VST_SDK/VST3_SDK",
					"/Applications/JUCE/modules/juce_audio_plugin_client/VST",
					"../../JuceLibraryCode",
					"/Applications/JUCE/modules",
					"/Applications/JUCE/modules/juce_audio_plugin_client",
					"$(inherited)",
				);
				INFOPLIST_FILE = Info-AU.plist;
				INFOPLIST_PREPROCESS = NO;
				INSTALL_PATH = "$(HOME)/Library/Audio/Plug-Ins/Components/";
				LIBRARY_STYLE = Bundle;
				LLVM_LTO = YES;
				MACOSX_DEPLOYMENT_TARGET = 10.11;
				OTHER_LDFLAGS = "-bundle -lVocoder";
				OTHER_REZFLAGS = "-d ppc_$ppc -d i386_$i386 -d ppc64_$ppc64 -d x86_64_$x86_64 -I /System/Library/Frameworks/CoreServices.framework/Frameworks/CarbonCore.framework/Versions/A/Headers -I \"$(DEVELOPER_DIR)/Extras/CoreAudio/AudioUnits/AUPublic/AUBase\" -I \"$(DEVELOPER_DIR)/Platforms/MacOSX.platform/Developer/SDKs/MacOSX.sdk/System/Library/Frameworks/AudioUnit.framework/Headers\"";
				PRODUCT_BUNDLE_IDENTIFIER = com.VSTurboInc_.Vocoder;
				PRODUCT_NAME = "Vocoder";
				USE_HEADERMAP = NO;
				WRAPPER_EXTENSION = component;
			};
			name = Release;
		};
		7E8C85E0FE2248C575955E8E = {
			isa = XCBuildConfiguration;
			buildSettings = {
				CLANG_CXX_LANGUAGE_STANDARD = "c++14";
				CLANG_CXX_LIBRARY = "libc++";
				CLANG_LINK_OBJC_RUNTIME = NO;
				CODE_SIGN_IDENTITY = "";
				COMBINE_HIDPI_IMAGES = YES;
				CONFIGURATION_BUILD_DIR = "$(PROJECT_DIR)/build/$(CONFIGURATION)";
				COPY_PHASE_STRIP = NO;
				GCC_DYNAMIC_NO_PIC = NO;
				GCC_OPTIMIZATION_LEVEL = 0;
				GCC_PREPROCESSOR_DEFINITIONS = (
					"_DEBUG=1",
					"DEBUG=1",
					"JUCER_XCODE_MAC_F6D2F4CF=1",
					"JUCE_APP_VERSION=0.1.0",
					"JUCE_APP_VERSION_HEX=0x100",
					"JucePlugin_Build_VST=0",
					"JucePlugin_Build_VST3=0",
					"JucePlugin_Build_AU=0",
					"JucePlugin_Build_AUv3=0",
					"JucePlugin_Build_RTAS=0",
					"JucePlugin_Build_AAX=0",
					"JucePlugin_Build_Standalone=1",
					"JucePlugin_Build_Unity=0",
				);
				GCC_VERSION = com.apple.compilers.llvm.clang.1_0;
				HEADER_SEARCH_PATHS = (
					"/Applications/JUCE/VST_SDK/VST3_SDK",
					"/Applications/JUCE/modules/juce_audio_plugin_client/VST",
					"../../JuceLibraryCode",
					"/Applications/JUCE/modules",
					"/Applications/JUCE/modules/juce_audio_plugin_client",
					"$(inherited)",
				);
				INFOPLIST_FILE = Info-Standalone_Plugin.plist;
				INFOPLIST_PREPROCESS = NO;
				MACOSX_DEPLOYMENT_TARGET = 10.11;
				OTHER_LDFLAGS = "-lVocoder";
				PRODUCT_BUNDLE_IDENTIFIER = com.VSTurboInc_.Vocoder;
				PRODUCT_NAME = "Vocoder";
				USE_HEADERMAP = NO;
			};
			name = Debug;
		};
		AD656154A83F725B3996EB18 = {
			isa = XCBuildConfiguration;
			buildSettings = {
				CLANG_CXX_LANGUAGE_STANDARD = "c++14";
				CLANG_CXX_LIBRARY = "libc++";
				CLANG_LINK_OBJC_RUNTIME = NO;
				CODE_SIGN_IDENTITY = "";
				COMBINE_HIDPI_IMAGES = YES;
				CONFIGURATION_BUILD_DIR = "$(PROJECT_DIR)/build/$(CONFIGURATION)";
				DEAD_CODE_STRIPPING = YES;
				GCC_GENERATE_DEBUGGING_SYMBOLS = NO;
				GCC_OPTIMIZATION_LEVEL = 3;
				GCC_PREPROCESSOR_DEFINITIONS = (
					"_NDEBUG=1",
					"NDEBUG=1",
					"JUCER_XCODE_MAC_F6D2F4CF=1",
					"JUCE_APP_VERSION=0.1.0",
					"JUCE_APP_VERSION_HEX=0x100",
					"JucePlugin_Build_VST=0",
					"JucePlugin_Build_VST3=0",
					"JucePlugin_Build_AU=0",
					"JucePlugin_Build_AUv3=0",
					"JucePlugin_Build_RTAS=0",
					"JucePlugin_Build_AAX=0",
					"JucePlugin_Build_Standalone=1",
					"JucePlugin_Build_Unity=0",
				);
				GCC_SYMBOLS_PRIVATE_EXTERN = YES;
				GCC_VERSION = com.apple.compilers.llvm.clang.1_0;
				HEADER_SEARCH_PATHS = (
					"/Applications/JUCE/VST_SDK/VST3_SDK",
					"/Applications/JUCE/modules/juce_audio_plugin_client/VST",
					"../../JuceLibraryCode",
					"/Applications/JUCE/modules",
					"/Applications/JUCE/modules/juce_audio_plugin_client",
					"$(inherited)",
				);
				INFOPLIST_FILE = Info-Standalone_Plugin.plist;
				INFOPLIST_PREPROCESS = NO;
				LLVM_LTO = YES;
				MACOSX_DEPLOYMENT_TARGET = 10.11;
				OTHER_LDFLAGS = "-lVocoder";
				PRODUCT_BUNDLE_IDENTIFIER = com.VSTurboInc_.Vocoder;
				PRODUCT_NAME = "Vocoder";
				USE_HEADERMAP = NO;
			};
			name = Release;
		};
		9ABF7C10FD1F05251B2C52D1 = {
			isa = XCBuildConfiguration;
			buildSettings = {
				CLANG_CXX_LANGUAGE_STANDARD = "c++14";
				CLANG_CXX_LIBRARY = "libc++";
				CLANG_LINK_OBJC_RUNTIME = NO;
				CODE_SIGN_IDENTITY = "";
				COMBINE_HIDPI_IMAGES = YES;
				CONFIGURATION_BUILD_DIR = "$(PROJECT_DIR)/build/$(CONFIGURATION)";
				COPY_PHASE_STRIP = NO;
				GCC_DYNAMIC_NO_PIC = NO;
				GCC_OPTIMIZATION_LEVEL = 0;
				GCC_PREPROCESSOR_DEFINITIONS = (
					"_DEBUG=1",
					"DEBUG=1",
					"JUCER_XCODE_MAC_F6D2F4CF=1",
					"JUCE_APP_VERSION=0.1.0",
					"JUCE_APP_VERSION_HEX=0x100",
					"JucePlugin_Build_VST=0",
					"JucePlugin_Build_VST3=1",
					"JucePlugin_Build_AU=1",
					"JucePlugin_Build_AUv3=0",
					"JucePlugin_Build_RTAS=0",
					"JucePlugin_Build_AAX=0",
					"JucePlugin_Build_Standalone=1",
					"JucePlugin_Build_Unity=0",
					"JUCE_SHARED_CODE=1",
				);
				GCC_VERSION = com.apple.compilers.llvm.clang.1_0;
				HEADER_SEARCH_PATHS = (
					"/Applications/JUCE/VST_SDK/VST3_SDK",
					"/Applications/JUCE/modules/juce_audio_plugin_client/VST",
					"../../JuceLibraryCode",
					"/Applications/JUCE/modules",
					"/Applications/JUCE/modules/juce_audio_plugin_client",
					"$(inherited)",
				);
				INSTALL_PATH = "@executable_path/../Frameworks";
				MACOSX_DEPLOYMENT_TARGET = 10.11;
				PRODUCT_BUNDLE_IDENTIFIER = com.VSTurboInc_.Vocoder;
				PRODUCT_NAME = "Vocoder";
				SKIP_INSTALL = YES;
				USE_HEADERMAP = NO;
			};
			name = Debug;
		};
		E845F9BB1D1B964723EF93D9 = {
			isa = XCBuildConfiguration;
			buildSettings = {
				CLANG_CXX_LANGUAGE_STANDARD = "c++14";
				CLANG_CXX_LIBRARY = "libc++";
				CLANG_LINK_OBJC_RUNTIME = NO;
				CODE_SIGN_IDENTITY = "";
				COMBINE_HIDPI_IMAGES = YES;
				CONFIGURATION_BUILD_DIR = "$(PROJECT_DIR)/build/$(CONFIGURATION)";
				DEAD_CODE_STRIPPING = YES;
				GCC_GENERATE_DEBUGGING_SYMBOLS = NO;
				GCC_OPTIMIZATION_LEVEL = 3;
				GCC_PREPROCESSOR_DEFINITIONS = (
					"_NDEBUG=1",
					"NDEBUG=1",
					"JUCER_XCODE_MAC_F6D2F4CF=1",
					"JUCE_APP_VERSION=0.1.0",
					"JUCE_APP_VERSION_HEX=0x100",
					"JucePlugin_Build_VST=0",
					"JucePlugin_Build_VST3=1",
					"JucePlugin_Build_AU=1",
					"JucePlugin_Build_AUv3=0",
					"JucePlugin_Build_RTAS=0",
					"JucePlugin_Build_AAX=0",
					"JucePlugin_Build_Standalone=1",
					"JucePlugin_Build_Unity=0",
					"JUCE_SHARED_CODE=1",
				);
				GCC_SYMBOLS_PRIVATE_EXTERN = YES;
				GCC_VERSION = com.apple.compilers.llvm.clang.1_0;
				HEADER_SEARCH_PATHS = (
					"/Applications/JUCE/VST_SDK/VST3_SDK",
					"/Applications/JUCE/modules/juce_audio_plugin_client/VST",
					"../../JuceLibraryCode",
					"/Applications/JUCE/modules",
					"/Applications/JUCE/modules/juce_audio_plugin_client",
					"$(inherited)",
				);
				INSTALL_PATH = "@executable_path/../Frameworks";
				LLVM_LTO = YES;
				MACOSX_DEPLOYMENT_TARGET = 10.11;
				PRODUCT_BUNDLE_IDENTIFIER = com.VSTurboInc_.Vocoder;
				PRODUCT_NAME = "Vocoder";
				SKIP_INSTALL = YES;
				USE_HEADERMAP = NO;
			};
			name = Release;
		};
		340D537766EA522F19E56ECF = {
			isa = XCBuildConfiguration;
			buildSettings = {
				ALWAYS_SEARCH_USER_PATHS = NO;
				CLANG_ENABLE_OBJC_WEAK = YES;
				CLANG_WARN_BLOCK_CAPTURE_AUTORELEASING = YES;
				CLANG_WARN_BOOL_CONVERSION = YES;
				CLANG_WARN_COMMA = YES;
				CLANG_WARN_CONSTANT_CONVERSION = YES;
				CLANG_WARN_DEPRECATED_OBJC_IMPLEMENTATIONS = YES;
				CLANG_WARN_EMPTY_BODY = YES;
				CLANG_WARN_ENUM_CONVERSION = YES;
				CLANG_WARN_INFINITE_RECURSION = YES;
				CLANG_WARN_INT_CONVERSION = YES;
				CLANG_WARN_NON_LITERAL_NULL_CONVERSION = YES;
				CLANG_WARN_OBJC_IMPLICIT_RETAIN_SELF = YES;
				CLANG_WARN_OBJC_LITERAL_CONVERSION = YES;
				CLANG_WARN_RANGE_LOOP_ANALYSIS = YES;
				CLANG_WARN_STRICT_PROTOTYPES = YES;
				CLANG_WARN_SUSPICIOUS_MOVE = YES;
				CLANG_WARN_UNREACHABLE_CODE = YES;
				CLANG_WARN__DUPLICATE_METHOD_MATCH = YES;
				CODE_SIGN_IDENTITY = "";
				DEBUG_INFORMATION_FORMAT = dwarf;
				ENABLE_STRICT_OBJC_MSGSEND = YES;
				ENABLE_TESTABILITY = YES;
				GCC_C_LANGUAGE_STANDARD = c11;
				GCC_INLINES_ARE_PRIVATE_EXTERN = YES;
				GCC_MODEL_TUNING = G5;
				GCC_NO_COMMON_BLOCKS = YES;
				GCC_WARN_64_TO_32_BIT_CONVERSION = YES;
				GCC_WARN_ABOUT_RETURN_TYPE = YES;
				GCC_WARN_CHECK_SWITCH_STATEMENTS = YES;
				GCC_WARN_MISSING_PARENTHESES = YES;
				GCC_WARN_NON_VIRTUAL_DESTRUCTOR = YES;
				GCC_WARN_TYPECHECK_CALLS_TO_PRINTF = YES;
				GCC_WARN_UNDECLARED_SELECTOR = YES;
				GCC_WARN_UNINITIALIZED_AUTOS = YES;
				GCC_WARN_UNUSED_FUNCTION = YES;
				GCC_WARN_UNUSED_VARIABLE = YES;
				ONLY_ACTIVE_ARCH = YES;
				PRODUCT_NAME = "Vocoder";
				SDKROOT = macosx;
				WARNING_CFLAGS = "-Wreorder";
				ZERO_LINK = NO;
			};
			name = Debug;
		};
		7150A949D5CD305919D957D6 = {
			isa = XCBuildConfiguration;
			buildSettings = {
				ALWAYS_SEARCH_USER_PATHS = NO;
				CLANG_ENABLE_OBJC_WEAK = YES;
				CLANG_WARN_BLOCK_CAPTURE_AUTORELEASING = YES;
				CLANG_WARN_BOOL_CONVERSION = YES;
				CLANG_WARN_COMMA = YES;
				CLANG_WARN_CONSTANT_CONVERSION = YES;
				CLANG_WARN_DEPRECATED_OBJC_IMPLEMENTATIONS = YES;
				CLANG_WARN_EMPTY_BODY = YES;
				CLANG_WARN_ENUM_CONVERSION = YES;
				CLANG_WARN_INFINITE_RECURSION = YES;
				CLANG_WARN_INT_CONVERSION = YES;
				CLANG_WARN_NON_LITERAL_NULL_CONVERSION = YES;
				CLANG_WARN_OBJC_IMPLICIT_RETAIN_SELF = YES;
				CLANG_WARN_OBJC_LITERAL_CONVERSION = YES;
				CLANG_WARN_RANGE_LOOP_ANALYSIS = YES;
				CLANG_WARN_STRICT_PROTOTYPES = YES;
				CLANG_WARN_SUSPICIOUS_MOVE = YES;
				CLANG_WARN_UNREACHABLE_CODE = YES;
				CLANG_WARN__DUPLICATE_METHOD_MATCH = YES;
				CODE_SIGN_IDENTITY = "";
				DEBUG_INFORMATION_FORMAT = dwarf;
				ENABLE_STRICT_OBJC_MSGSEND = YES;
				GCC_C_LANGUAGE_STANDARD = c11;
				GCC_INLINES_ARE_PRIVATE_EXTERN = YES;
				GCC_MODEL_TUNING = G5;
				GCC_NO_COMMON_BLOCKS = YES;
				GCC_WARN_64_TO_32_BIT_CONVERSION = YES;
				GCC_WARN_ABOUT_RETURN_TYPE = YES;
				GCC_WARN_CHECK_SWITCH_STATEMENTS = YES;
				GCC_WARN_MISSING_PARENTHESES = YES;
				GCC_WARN_NON_VIRTUAL_DESTRUCTOR = YES;
				GCC_WARN_TYPECHECK_CALLS_TO_PRINTF = YES;
				GCC_WARN_UNDECLARED_SELECTOR = YES;
				GCC_WARN_UNINITIALIZED_AUTOS = YES;
				GCC_WARN_UNUSED_FUNCTION = YES;
				GCC_WARN_UNUSED_VARIABLE = YES;
				PRODUCT_NAME = "Vocoder";
				SDKROOT = macosx;
				WARNING_CFLAGS = "-Wreorder";
				ZERO_LINK = NO;
			};
			name = Release;
		};
		19AA30311322E22CCD0A6A9C = {
			isa = PBXTargetDependency;
			target = 65AE40FF23A798B96B3D68B3;
		};
		4164F34C13346DD343EB9170 = {
			isa = PBXTargetDependency;
			target = F311535E64E37F600302E934;
		};
		E790BD8981DEFA38530B6777 = {
			isa = PBXTargetDependency;
			target = 1A12D200EBA52BAAD2787C8C;
		};
		DC62564FCD5F7541356E83B2 = {
			isa = PBXTargetDependency;
			target = 433789179DB2CA330F75D45F;
		};
		6FAF7D8D5DF3E366D44184D6 = {
			isa = XCConfigurationList;
			buildConfigurations = (
				340D537766EA522F19E56ECF,
				7150A949D5CD305919D957D6,
			);
			defaultConfigurationIsVisible = 0;
			defaultConfigurationName = Debug;
		};
		73D4E467BB6C766CF9E6F631 = {
			isa = XCConfigurationList;
			buildConfigurations = (
				B782B07EC3BC26BCB2B1C933,
				8DCC7BFF6E20DA484CD665D3,
			);
			defaultConfigurationIsVisible = 0;
			defaultConfigurationName = Debug;
		};
		7CA920FC6864D6E7F7D0BDBA = {
			isa = PBXAggregateTarget;
			buildConfigurationList = 73D4E467BB6C766CF9E6F631;
			buildPhases = ( );
			buildRules = ( );
			dependencies = (
				19AA30311322E22CCD0A6A9C,
				4164F34C13346DD343EB9170,
				E790BD8981DEFA38530B6777,
				DC62564FCD5F7541356E83B2,
			);
			name = "Vocoder - All";
			productName = Vocoder;
		};
		F99D3B5BD950785D396379EC = {
			isa = XCConfigurationList;
			buildConfigurations = (
				A385279DDE07031577206114,
				30D3543D6A0B1751ADA3A637,
			);
			defaultConfigurationIsVisible = 0;
			defaultConfigurationName = Debug;
		};
		B7A66DDD92AB96F8A64E9D12 = {
			isa = PBXResourcesBuildPhase;
			buildActionMask = 2147483647;
			files = (
				7E41B008CBB6BAE49A4D3197,
			);
			runOnlyForDeploymentPostprocessing = 0;
		};
		147EA8B312B396C7E56D21C7 = {
			isa = PBXSourcesBuildPhase;
			buildActionMask = 2147483647;
			files = (
				7AC9B78ABD5BAA81134EB8B5,
			);
			runOnlyForDeploymentPostprocessing = 0;
		};
		A1CFE752C4872CB00E96A4B4 = {
			isa = PBXFrameworksBuildPhase;
			buildActionMask = 2147483647;
			files = (
				ABB0CC3E0F3801E0E481A879,
				D94B55C3CFCE3DA0DFF66263,
				0D09F6F2B715726C4899FF4F,
				579BDB6D7E42B87BA12D0AB1,
				17D76A4DDAD1E9087224D7F4,
				DBFD4D9983602A856542A425,
				CEC057F34322FE486078EFEA,
				8F6731AE4CE93DA3CF901DCD,
				5F64D5F5B73AD3F055F18E80,
				8408D70B7A124CD3E70C3205,
				51CBAE72B53B184242A4AFCA,
				D9D943A535B1756B2988F3A4,
			);
			runOnlyForDeploymentPostprocessing = 0;
		};
		65AE40FF23A798B96B3D68B3 = {
			isa = PBXNativeTarget;
			buildConfigurationList = F99D3B5BD950785D396379EC;
			buildPhases = (
				B7A66DDD92AB96F8A64E9D12,
				147EA8B312B396C7E56D21C7,
				A1CFE752C4872CB00E96A4B4,
			);
			buildRules = ( );
			dependencies = (
				DC62564FCD5F7541356E83B2,
			);
			name = "Vocoder - VST3";
			productName = Vocoder;
			productReference = FBB6720BA8B08CF8F4260B56;
			productType = "com.apple.product-type.bundle";
		};
		3A168F8899B32D4228231A01 = {
			isa = XCConfigurationList;
			buildConfigurations = (
				565BF4B8EC4C0A4EAD7E57A7,
				3CCFB2CE867C8E759D91C1ED,
			);
			defaultConfigurationIsVisible = 0;
			defaultConfigurationName = Debug;
		};
		03CED680DBAAC44F3900B0DA = {
			isa = PBXResourcesBuildPhase;
			buildActionMask = 2147483647;
			files = (
				7E41B008CBB6BAE49A4D3197,
			);
			runOnlyForDeploymentPostprocessing = 0;
		};
		3C2A66ABFC9BA1B07B5EE024 = {
			isa = PBXRezBuildPhase;
			buildActionMask = 2147483647;
			files = (
				224821D58122482DA06F86EB,
			);
			runOnlyForDeploymentPostprocessing = 0;
		};
		34ACEDF78D27B8B01F87A9DA = {
			isa = PBXSourcesBuildPhase;
			buildActionMask = 2147483647;
			files = (
				9C734E2435C0A0C093C299D3,
				655F2CE56DFC537684107A9A,
			);
			runOnlyForDeploymentPostprocessing = 0;
		};
		9CD8A43E2DF8634F1C9F976C = {
			isa = PBXFrameworksBuildPhase;
			buildActionMask = 2147483647;
			files = (
				F38319DE1143E4356F01ED26,
				ABB0CC3E0F3801E0E481A879,
				D94B55C3CFCE3DA0DFF66263,
				0D09F6F2B715726C4899FF4F,
				579BDB6D7E42B87BA12D0AB1,
				17D76A4DDAD1E9087224D7F4,
				DBFD4D9983602A856542A425,
				CEC057F34322FE486078EFEA,
				8F6731AE4CE93DA3CF901DCD,
				5F64D5F5B73AD3F055F18E80,
				8408D70B7A124CD3E70C3205,
				51CBAE72B53B184242A4AFCA,
				D9D943A535B1756B2988F3A4,
			);
			runOnlyForDeploymentPostprocessing = 0;
		};
		F311535E64E37F600302E934 = {
			isa = PBXNativeTarget;
			buildConfigurationList = 3A168F8899B32D4228231A01;
			buildPhases = (
				03CED680DBAAC44F3900B0DA,
				3C2A66ABFC9BA1B07B5EE024,
				34ACEDF78D27B8B01F87A9DA,
				9CD8A43E2DF8634F1C9F976C,
			);
			buildRules = ( );
			dependencies = (
				DC62564FCD5F7541356E83B2,
			);
			name = "Vocoder - AU";
			productName = Vocoder;
			productReference = C1374FB71F276DC74941A9DF;
			productType = "com.apple.product-type.bundle";
		};
		F16E042A49A0E0A5606429C6 = {
			isa = XCConfigurationList;
			buildConfigurations = (
				7E8C85E0FE2248C575955E8E,
				AD656154A83F725B3996EB18,
			);
			defaultConfigurationIsVisible = 0;
			defaultConfigurationName = Debug;
		};
		9F6F6E8CF159F72FCA1EE36F = {
			isa = PBXResourcesBuildPhase;
			buildActionMask = 2147483647;
			files = (
				7E41B008CBB6BAE49A4D3197,
			);
			runOnlyForDeploymentPostprocessing = 0;
		};
		A4B490108193567C33036CB7 = {
			isa = PBXSourcesBuildPhase;
			buildActionMask = 2147483647;
			files = (
				96BC2A882150B67C57AE752D,
			);
			runOnlyForDeploymentPostprocessing = 0;
		};
		32D34320C3BE6D0FDCE79E1A = {
			isa = PBXFrameworksBuildPhase;
			buildActionMask = 2147483647;
			files = (
				ABB0CC3E0F3801E0E481A879,
				D94B55C3CFCE3DA0DFF66263,
				0D09F6F2B715726C4899FF4F,
				579BDB6D7E42B87BA12D0AB1,
				17D76A4DDAD1E9087224D7F4,
				DBFD4D9983602A856542A425,
				CEC057F34322FE486078EFEA,
				8F6731AE4CE93DA3CF901DCD,
				5F64D5F5B73AD3F055F18E80,
				8408D70B7A124CD3E70C3205,
				51CBAE72B53B184242A4AFCA,
				D9D943A535B1756B2988F3A4,
			);
			runOnlyForDeploymentPostprocessing = 0;
		};
		1A12D200EBA52BAAD2787C8C = {
			isa = PBXNativeTarget;
			buildConfigurationList = F16E042A49A0E0A5606429C6;
			buildPhases = (
				9F6F6E8CF159F72FCA1EE36F,
				A4B490108193567C33036CB7,
				32D34320C3BE6D0FDCE79E1A,
			);
			buildRules = ( );
			dependencies = (
				DC62564FCD5F7541356E83B2,
			);
			name = "Vocoder - Standalone Plugin";
			productName = Vocoder;
			productReference = BD9593BCF7E7395189697A6E;
			productType = "com.apple.product-type.application";
		};
		0DF7C051D6F572E7EC90B969 = {
			isa = XCConfigurationList;
			buildConfigurations = (
				9ABF7C10FD1F05251B2C52D1,
				E845F9BB1D1B964723EF93D9,
			);
			defaultConfigurationIsVisible = 0;
			defaultConfigurationName = Debug;
		};
		1BAFB3BA263A39194C8B35AC = {
			isa = PBXSourcesBuildPhase;
			buildActionMask = 2147483647;
			files = (
				05C7A6173272C4C0B0A40DBD,
				BBDC3A51E7B52612B42CF48C,
				136CE7B07D097AD96535BACB,
				ABF0CEE434201A34B7B2C141,
				A8EA05CFCF864759FB881F27,
				25C451A6E9BB82B0A9F8E0C9,
				C3361C60B9997DD46FB56C22,
				A5113907DB321E6191220818,
				8F2A487E1DFD1C56F6DDE0E5,
				845F9AD63FEBFCB4FD1D8E4A,
				330FDE6E8B12391714C1664E,
				D60B0D492AC04BB4453920A5,
				1743D2996901F166758801B4,
				523E273F05A9196CCCE36473,
				6612588289D601953B79DA06,
				1C4F2B6B206FE86D471975A0,
				D92906489E8E5BF31CDB510F,
				53BE3F7DC311CFC5D3B4FA7C,
			);
			runOnlyForDeploymentPostprocessing = 0;
		};
		433789179DB2CA330F75D45F = {
			isa = PBXNativeTarget;
			buildConfigurationList = 0DF7C051D6F572E7EC90B969;
			buildPhases = (
				1BAFB3BA263A39194C8B35AC,
			);
			buildRules = ( );
			dependencies = ( );
			name = "Vocoder - Shared Code";
			productName = Vocoder;
			productReference = 00513896DF37D5F2DCEA667A;
			productType = "com.apple.product-type.library.static";
		};
		E00C1E3BB1183681847B97FF = {
			isa = PBXProject;
			buildConfigurationList = 6FAF7D8D5DF3E366D44184D6;
			attributes = { LastUpgradeCheck = 1100; ORGANIZATIONNAME = "VSTurbo Inc."; TargetAttributes = { 7CA920FC6864D6E7F7D0BDBA = { SystemCapabilities = {com.apple.ApplicationGroups.iOS = { enabled = 0; }; com.apple.InAppPurchase = { enabled = 0; }; com.apple.InterAppAudio = { enabled = 0; }; com.apple.Push = { enabled = 0; }; com.apple.Sandbox = { enabled = 0; }; com.apple.HardenedRuntime = { enabled = 0; }; }; };65AE40FF23A798B96B3D68B3 = { SystemCapabilities = {com.apple.ApplicationGroups.iOS = { enabled = 0; }; com.apple.InAppPurchase = { enabled = 0; }; com.apple.InterAppAudio = { enabled = 0; }; com.apple.Push = { enabled = 0; }; com.apple.Sandbox = { enabled = 0; }; com.apple.HardenedRuntime = { enabled = 0; }; }; };F311535E64E37F600302E934 = { SystemCapabilities = {com.apple.ApplicationGroups.iOS = { enabled = 0; }; com.apple.InAppPurchase = { enabled = 0; }; com.apple.InterAppAudio = { enabled = 0; }; com.apple.Push = { enabled = 0; }; com.apple.Sandbox = { enabled = 0; }; com.apple.HardenedRuntime = { enabled = 0; }; }; };1A12D200EBA52BAAD2787C8C = { SystemCapabilities = {com.apple.ApplicationGroups.iOS = { enabled = 0; }; com.apple.InAppPurchase = { enabled = 0; }; com.apple.InterAppAudio = { enabled = 0; }; com.apple.Push = { enabled = 0; }; com.apple.Sandbox = { enabled = 0; }; com.apple.HardenedRuntime = { enabled = 0; }; }; };433789179DB2CA330F75D45F = { SystemCapabilities = {com.apple.ApplicationGroups.iOS = { enabled = 0; }; com.apple.InAppPurchase = { enabled = 0; }; com.apple.InterAppAudio = { enabled = 0; }; com.apple.Push = { enabled = 0; }; com.apple.Sandbox = { enabled = 0; }; com.apple.HardenedRuntime = { enabled = 0; }; }; }; }; };
			compatibilityVersion = "Xcode 3.2";
			hasScannedForEncodings = 0;
			mainGroup = 922C0BE133E0EAA348F83C3E;
			projectDirPath = "";
			projectRoot = "";
			targets = (7CA920FC6864D6E7F7D0BDBA, 65AE40FF23A798B96B3D68B3, F311535E64E37F600302E934, 1A12D200EBA52BAAD2787C8C, 433789179DB2CA330F75D45F);
			knownRegions = (en, Base);
		};
	};
	rootObject = E00C1E3BB1183681847B97FF;
}
